{
  "name": "miniprogram-acc",
  "version": "1.0.0",
  "lockfileVersion": 1,
  "requires": true,
  "dependencies": {
    "papaparse": {
      "version": "5.4.1",
      "resolved": "https://registry.npmjs.org/papaparse/-/papaparse-5.4.1.tgz",
      "integrity": "sha512-HipMsgJkZu8br23pW15uvo6sib6wne/4woLZPlFf3rpDyMe9ywEXUsuD7+6K9PRkJlVT51j/sCOYDKGGS3ZJrw=="
    },
    "pubsub-js": {
      "version": "1.9.4",
      "resolved": "https://registry.npmjs.org/pubsub-js/-/pubsub-js-1.9.4.tgz",
      "integrity": "sha512-hJYpaDvPH4w8ZX/0Fdf9ma1AwRgU353GfbaVfPjfJQf1KxZ2iHaHl3fAUw1qlJIR5dr4F3RzjGaWohYUEyoh7A=="
    }
  }
}
